
Microsoft Visual Studio Solution File, Format Version 12.00
# Visual Studio Version 17
VisualStudioVersion = 17.1.32228.430
MinimumVisualStudioVersion = 10.0.40219.1
Project("{FAE04EC0-301F-11D3-BF4B-00C04F79EFBC}") = "xadrez-console", "xadrez-console\xadrez-console.csproj", "{8D8393CB-DDEE-4F32-B1E2-F7419DC0F547}"
EndProject
Global
	GlobalSection(SolutionConfigurationPlatforms) = preSolution
		Debug|Any CPU = Debug|Any CPU
		Release|Any CPU = Release|Any CPU
	EndGlobalSection
	GlobalSection(ProjectConfigurationPlatforms) = postSolution
		{8D8393CB-DDEE-4F32-B1E2-F7419DC0F547}.Debug|Any CPU.ActiveCfg = Debug|Any CPU
		{8D8393CB-DDEE-4F32-B1E2-F7419DC0F547}.Debug|Any CPU.Build.0 = Debug|Any CPU
		{8D8393CB-DDEE-4F32-B1E2-F7419DC0F547}.Release|Any CPU.ActiveCfg = Release|Any CPU
		{8D8393CB-DDEE-4F32-B1E2-F7419DC0F547}.Release|Any CPU.Build.0 = Release|Any CPU
	EndGlobalSection
	GlobalSection(SolutionProperties) = preSolution
		HideSolutionNode = FALSE
	EndGlobalSection
	GlobalSection(ExtensibilityGlobals) = postSolution
		SolutionGuid = {0051B558-0D92-4710-9564-7EE8E6B4277C}
	EndGlobalSection
EndGlobal
